
Microsoft Visual Studio Solution File, Format Version 12.00
# Visual Studio 2012
Project("{FAE04EC0-301F-11D3-BF4B-00C04F79EFBC}") = "TheLocalVet_iOS", "TheLocalVet_iOS\TheLocalVet_iOS.csproj", "{E57FA6D9-D0B5-450A-AA45-594C0DF16BF0}"
EndProject
Project("{D954291E-2A0B-460D-934E-DC6B0785DB48}") = "TheLocalVet_Shared", "TheLocalVet_Shared\TheLocalVet_Shared.shproj", "{572C4DC5-1083-4DC2-BC50-73E7774131A1}"
EndProject
Project("{FAE04EC0-301F-11D3-BF4B-00C04F79EFBC}") = "TheLocalVet_iOS_Tests", "TheLocalVet_iOS_Tests\TheLocalVet_iOS_Tests.csproj", "{3BE663B0-0166-4284-A4B1-28EE55148E07}"
EndProject
Global
	GlobalSection(SolutionConfigurationPlatforms) = preSolution
		Debug|Any CPU = Debug|Any CPU
		Release|Any CPU = Release|Any CPU
		Debug|iPhoneSimulator = Debug|iPhoneSimulator
		Release|iPhoneSimulator = Release|iPhoneSimulator
		Debug|iPhone = Debug|iPhone
		Release|iPhone = Release|iPhone
		Ad-Hoc|iPhone = Ad-Hoc|iPhone
		AppStore|iPhone = AppStore|iPhone
	EndGlobalSection
	GlobalSection(ProjectConfigurationPlatforms) = postSolution
		{3BE663B0-0166-4284-A4B1-28EE55148E07}.Ad-Hoc|iPhone.ActiveCfg = Release|Any CPU
		{3BE663B0-0166-4284-A4B1-28EE55148E07}.Ad-Hoc|iPhone.Build.0 = Release|Any CPU
		{3BE663B0-0166-4284-A4B1-28EE55148E07}.AppStore|iPhone.ActiveCfg = Release|Any CPU
		{3BE663B0-0166-4284-A4B1-28EE55148E07}.AppStore|iPhone.Build.0 = Release|Any CPU
		{3BE663B0-0166-4284-A4B1-28EE55148E07}.Debug|Any CPU.ActiveCfg = Debug|Any CPU
		{3BE663B0-0166-4284-A4B1-28EE55148E07}.Debug|Any CPU.Build.0 = Debug|Any CPU
		{3BE663B0-0166-4284-A4B1-28EE55148E07}.Debug|iPhone.ActiveCfg = Debug|Any CPU
		{3BE663B0-0166-4284-A4B1-28EE55148E07}.Debug|iPhone.Build.0 = Debug|Any CPU
		{3BE663B0-0166-4284-A4B1-28EE55148E07}.Debug|iPhoneSimulator.ActiveCfg = Debug|Any CPU
		{3BE663B0-0166-4284-A4B1-28EE55148E07}.Debug|iPhoneSimulator.Build.0 = Debug|Any CPU
		{3BE663B0-0166-4284-A4B1-28EE55148E07}.Release|Any CPU.ActiveCfg = Release|Any CPU
		{3BE663B0-0166-4284-A4B1-28EE55148E07}.Release|Any CPU.Build.0 = Release|Any CPU
		{3BE663B0-0166-4284-A4B1-28EE55148E07}.Release|iPhone.ActiveCfg = Release|Any CPU
		{3BE663B0-0166-4284-A4B1-28EE55148E07}.Release|iPhone.Build.0 = Release|Any CPU
		{3BE663B0-0166-4284-A4B1-28EE55148E07}.Release|iPhoneSimulator.ActiveCfg = Release|Any CPU
		{3BE663B0-0166-4284-A4B1-28EE55148E07}.Release|iPhoneSimulator.Build.0 = Release|Any CPU
		{E57FA6D9-D0B5-450A-AA45-594C0DF16BF0}.Ad-Hoc|iPhone.ActiveCfg = Ad-Hoc|iPhone
		{E57FA6D9-D0B5-450A-AA45-594C0DF16BF0}.Ad-Hoc|iPhone.Build.0 = Ad-Hoc|iPhone
		{E57FA6D9-D0B5-450A-AA45-594C0DF16BF0}.AppStore|iPhone.ActiveCfg = AppStore|iPhone
		{E57FA6D9-D0B5-450A-AA45-594C0DF16BF0}.AppStore|iPhone.Build.0 = AppStore|iPhone
		{E57FA6D9-D0B5-450A-AA45-594C0DF16BF0}.Debug|Any CPU.ActiveCfg = Debug|iPhoneSimulator
		{E57FA6D9-D0B5-450A-AA45-594C0DF16BF0}.Debug|Any CPU.Build.0 = Debug|iPhoneSimulator
		{E57FA6D9-D0B5-450A-AA45-594C0DF16BF0}.Debug|iPhone.ActiveCfg = Debug|iPhone
		{E57FA6D9-D0B5-450A-AA45-594C0DF16BF0}.Debug|iPhone.Build.0 = Debug|iPhone
		{E57FA6D9-D0B5-450A-AA45-594C0DF16BF0}.Debug|iPhoneSimulator.ActiveCfg = Debug|iPhoneSimulator
		{E57FA6D9-D0B5-450A-AA45-594C0DF16BF0}.Debug|iPhoneSimulator.Build.0 = Debug|iPhoneSimulator
		{E57FA6D9-D0B5-450A-AA45-594C0DF16BF0}.Release|Any CPU.ActiveCfg = Release|iPhoneSimulator
		{E57FA6D9-D0B5-450A-AA45-594C0DF16BF0}.Release|Any CPU.Build.0 = Release|iPhoneSimulator
		{E57FA6D9-D0B5-450A-AA45-594C0DF16BF0}.Release|iPhone.ActiveCfg = Release|iPhone
		{E57FA6D9-D0B5-450A-AA45-594C0DF16BF0}.Release|iPhone.Build.0 = Release|iPhone
		{E57FA6D9-D0B5-450A-AA45-594C0DF16BF0}.Release|iPhoneSimulator.ActiveCfg = Release|iPhoneSimulator
		{E57FA6D9-D0B5-450A-AA45-594C0DF16BF0}.Release|iPhoneSimulator.Build.0 = Release|iPhoneSimulator
	EndGlobalSection
	GlobalSection(MonoDevelopProperties) = preSolution
		StartupItem = TheLocalVet_iOS\TheLocalVet_iOS.csproj
	EndGlobalSection
EndGlobal
