
Microsoft Visual Studio Solution File, Format Version 12.00
# Visual Studio 2012
Project("{FAE04EC0-301F-11D3-BF4B-00C04F79EFBC}") = "TheLocalVet_Xamarin", "TheLocalVet_Xamarin\TheLocalVet_Xamarin.csproj", "{97E4D093-35D2-4B48-8823-34A5F5CD23E7}"
EndProject
Project("{D954291E-2A0B-460D-934E-DC6B0785DB48}") = "TheLocalVet_Shared", "TheLocalVet_Shared\TheLocalVet_Shared.shproj", "{572C4DC5-1083-4DC2-BC50-73E7774131A1}"
EndProject
Global
	GlobalSection(SolutionConfigurationPlatforms) = preSolution
		Debug|iPhoneSimulator = Debug|iPhoneSimulator
		Release|iPhoneSimulator = Release|iPhoneSimulator
		Debug|iPhone = Debug|iPhone
		Release|iPhone = Release|iPhone
		Ad-Hoc|iPhone = Ad-Hoc|iPhone
		AppStore|iPhone = AppStore|iPhone
	EndGlobalSection
	GlobalSection(ProjectConfigurationPlatforms) = postSolution
		{97E4D093-35D2-4B48-8823-34A5F5CD23E7}.Ad-Hoc|iPhone.ActiveCfg = Ad-Hoc|iPhone
		{97E4D093-35D2-4B48-8823-34A5F5CD23E7}.Ad-Hoc|iPhone.Build.0 = Ad-Hoc|iPhone
		{97E4D093-35D2-4B48-8823-34A5F5CD23E7}.AppStore|iPhone.ActiveCfg = AppStore|iPhone
		{97E4D093-35D2-4B48-8823-34A5F5CD23E7}.AppStore|iPhone.Build.0 = AppStore|iPhone
		{97E4D093-35D2-4B48-8823-34A5F5CD23E7}.Debug|iPhone.ActiveCfg = Debug|iPhone
		{97E4D093-35D2-4B48-8823-34A5F5CD23E7}.Debug|iPhone.Build.0 = Debug|iPhone
		{97E4D093-35D2-4B48-8823-34A5F5CD23E7}.Debug|iPhoneSimulator.ActiveCfg = Debug|iPhoneSimulator
		{97E4D093-35D2-4B48-8823-34A5F5CD23E7}.Debug|iPhoneSimulator.Build.0 = Debug|iPhoneSimulator
		{97E4D093-35D2-4B48-8823-34A5F5CD23E7}.Release|iPhone.ActiveCfg = Release|iPhone
		{97E4D093-35D2-4B48-8823-34A5F5CD23E7}.Release|iPhone.Build.0 = Release|iPhone
		{97E4D093-35D2-4B48-8823-34A5F5CD23E7}.Release|iPhoneSimulator.ActiveCfg = Release|iPhoneSimulator
		{97E4D093-35D2-4B48-8823-34A5F5CD23E7}.Release|iPhoneSimulator.Build.0 = Release|iPhoneSimulator
	EndGlobalSection
	GlobalSection(MonoDevelopProperties) = preSolution
		StartupItem = TheLocalVet_Xamarin\TheLocalVet_Xamarin.csproj
	EndGlobalSection
EndGlobal
