
Microsoft Visual Studio Solution File, Format Version 12.00
# Visual Studio 2012
Project("{FAE04EC0-301F-11D3-BF4B-00C04F79EFBC}") = "TheLocalVet", "TheLocalVet.csproj", "{9D594188-F623-4E62-B958-E7675DC22B02}"
EndProject
Project("{FAE04EC0-301F-11D3-BF4B-00C04F79EFBC}") = "TheLocalVet.iOS", "iOS\TheLocalVet.iOS.csproj", "{1C1AC2A6-C9C6-4ECF-A52D-98936CE75911}"
EndProject
Project("{FAE04EC0-301F-11D3-BF4B-00C04F79EFBC}") = "TheLocalVet.Droid", "Droid\TheLocalVet.Droid.csproj", "{F2D91C29-2C31-4FF2-A37C-3804E51919EE}"
EndProject
Project("{FAE04EC0-301F-11D3-BF4B-00C04F79EFBC}") = "TheLocalVet.UITests", "UITests\TheLocalVet.UITests.csproj", "{6BC3E5B9-A1F1-478A-B3E7-6034CDC30FEF}"
EndProject
Global
	GlobalSection(SolutionConfigurationPlatforms) = preSolution
		Debug|Any CPU = Debug|Any CPU
		Release|Any CPU = Release|Any CPU
		Debug|iPhoneSimulator = Debug|iPhoneSimulator
		Release|iPhone = Release|iPhone
		Release|iPhoneSimulator = Release|iPhoneSimulator
		Debug|iPhone = Debug|iPhone
	EndGlobalSection
	GlobalSection(ProjectConfigurationPlatforms) = postSolution
		{1C1AC2A6-C9C6-4ECF-A52D-98936CE75911}.Debug|Any CPU.ActiveCfg = Debug|iPhoneSimulator
		{1C1AC2A6-C9C6-4ECF-A52D-98936CE75911}.Debug|Any CPU.Build.0 = Debug|iPhoneSimulator
		{1C1AC2A6-C9C6-4ECF-A52D-98936CE75911}.Debug|iPhone.ActiveCfg = Debug|iPhone
		{1C1AC2A6-C9C6-4ECF-A52D-98936CE75911}.Debug|iPhone.Build.0 = Debug|iPhone
		{1C1AC2A6-C9C6-4ECF-A52D-98936CE75911}.Debug|iPhoneSimulator.ActiveCfg = Debug|iPhoneSimulator
		{1C1AC2A6-C9C6-4ECF-A52D-98936CE75911}.Debug|iPhoneSimulator.Build.0 = Debug|iPhoneSimulator
		{1C1AC2A6-C9C6-4ECF-A52D-98936CE75911}.Release|Any CPU.ActiveCfg = Release|iPhone
		{1C1AC2A6-C9C6-4ECF-A52D-98936CE75911}.Release|Any CPU.Build.0 = Release|iPhone
		{1C1AC2A6-C9C6-4ECF-A52D-98936CE75911}.Release|iPhone.ActiveCfg = Release|iPhone
		{1C1AC2A6-C9C6-4ECF-A52D-98936CE75911}.Release|iPhone.Build.0 = Release|iPhone
		{1C1AC2A6-C9C6-4ECF-A52D-98936CE75911}.Release|iPhoneSimulator.ActiveCfg = Release|iPhoneSimulator
		{1C1AC2A6-C9C6-4ECF-A52D-98936CE75911}.Release|iPhoneSimulator.Build.0 = Release|iPhoneSimulator
		{6BC3E5B9-A1F1-478A-B3E7-6034CDC30FEF}.Debug|Any CPU.ActiveCfg = Debug|Any CPU
		{6BC3E5B9-A1F1-478A-B3E7-6034CDC30FEF}.Debug|Any CPU.Build.0 = Debug|Any CPU
		{6BC3E5B9-A1F1-478A-B3E7-6034CDC30FEF}.Debug|iPhone.ActiveCfg = Debug|Any CPU
		{6BC3E5B9-A1F1-478A-B3E7-6034CDC30FEF}.Debug|iPhone.Build.0 = Debug|Any CPU
		{6BC3E5B9-A1F1-478A-B3E7-6034CDC30FEF}.Debug|iPhoneSimulator.ActiveCfg = Debug|Any CPU
		{6BC3E5B9-A1F1-478A-B3E7-6034CDC30FEF}.Debug|iPhoneSimulator.Build.0 = Debug|Any CPU
		{6BC3E5B9-A1F1-478A-B3E7-6034CDC30FEF}.Release|Any CPU.ActiveCfg = Release|Any CPU
		{6BC3E5B9-A1F1-478A-B3E7-6034CDC30FEF}.Release|Any CPU.Build.0 = Release|Any CPU
		{6BC3E5B9-A1F1-478A-B3E7-6034CDC30FEF}.Release|iPhone.ActiveCfg = Release|Any CPU
		{6BC3E5B9-A1F1-478A-B3E7-6034CDC30FEF}.Release|iPhone.Build.0 = Release|Any CPU
		{6BC3E5B9-A1F1-478A-B3E7-6034CDC30FEF}.Release|iPhoneSimulator.ActiveCfg = Release|Any CPU
		{6BC3E5B9-A1F1-478A-B3E7-6034CDC30FEF}.Release|iPhoneSimulator.Build.0 = Release|Any CPU
		{9D594188-F623-4E62-B958-E7675DC22B02}.Debug|Any CPU.ActiveCfg = Debug|Any CPU
		{9D594188-F623-4E62-B958-E7675DC22B02}.Debug|Any CPU.Build.0 = Debug|Any CPU
		{9D594188-F623-4E62-B958-E7675DC22B02}.Debug|iPhone.ActiveCfg = Debug|Any CPU
		{9D594188-F623-4E62-B958-E7675DC22B02}.Debug|iPhone.Build.0 = Debug|Any CPU
		{9D594188-F623-4E62-B958-E7675DC22B02}.Debug|iPhoneSimulator.ActiveCfg = Debug|Any CPU
		{9D594188-F623-4E62-B958-E7675DC22B02}.Debug|iPhoneSimulator.Build.0 = Debug|Any CPU
		{9D594188-F623-4E62-B958-E7675DC22B02}.Release|Any CPU.ActiveCfg = Release|Any CPU
		{9D594188-F623-4E62-B958-E7675DC22B02}.Release|Any CPU.Build.0 = Release|Any CPU
		{9D594188-F623-4E62-B958-E7675DC22B02}.Release|iPhone.ActiveCfg = Release|Any CPU
		{9D594188-F623-4E62-B958-E7675DC22B02}.Release|iPhone.Build.0 = Release|Any CPU
		{9D594188-F623-4E62-B958-E7675DC22B02}.Release|iPhoneSimulator.ActiveCfg = Release|Any CPU
		{9D594188-F623-4E62-B958-E7675DC22B02}.Release|iPhoneSimulator.Build.0 = Release|Any CPU
		{F2D91C29-2C31-4FF2-A37C-3804E51919EE}.Debug|Any CPU.ActiveCfg = Debug|Any CPU
		{F2D91C29-2C31-4FF2-A37C-3804E51919EE}.Debug|Any CPU.Build.0 = Debug|Any CPU
		{F2D91C29-2C31-4FF2-A37C-3804E51919EE}.Debug|iPhone.ActiveCfg = Debug|Any CPU
		{F2D91C29-2C31-4FF2-A37C-3804E51919EE}.Debug|iPhone.Build.0 = Debug|Any CPU
		{F2D91C29-2C31-4FF2-A37C-3804E51919EE}.Debug|iPhoneSimulator.ActiveCfg = Debug|Any CPU
		{F2D91C29-2C31-4FF2-A37C-3804E51919EE}.Debug|iPhoneSimulator.Build.0 = Debug|Any CPU
		{F2D91C29-2C31-4FF2-A37C-3804E51919EE}.Release|Any CPU.ActiveCfg = Release|Any CPU
		{F2D91C29-2C31-4FF2-A37C-3804E51919EE}.Release|Any CPU.Build.0 = Release|Any CPU
		{F2D91C29-2C31-4FF2-A37C-3804E51919EE}.Release|iPhone.ActiveCfg = Release|Any CPU
		{F2D91C29-2C31-4FF2-A37C-3804E51919EE}.Release|iPhone.Build.0 = Release|Any CPU
		{F2D91C29-2C31-4FF2-A37C-3804E51919EE}.Release|iPhoneSimulator.ActiveCfg = Release|Any CPU
		{F2D91C29-2C31-4FF2-A37C-3804E51919EE}.Release|iPhoneSimulator.Build.0 = Release|Any CPU
	EndGlobalSection
EndGlobal
